
Microsoft Visual Studio Solution File, Format Version 12.00
# Visual Studio Version 17
VisualStudioVersion = 17.3.32819.101
MinimumVisualStudioVersion = 10.0.40219.1
Project("{8BC9CEB8-8B4A-11D0-8D11-00A0C91BC942}") = "SLAESolver", "CM_1.vcxproj", "{913CCF31-A50B-4CF2-B4A0-6A045B8D1374}"
EndProject
Project("{8BC9CEB8-8B4A-11D0-8D11-00A0C91BC942}") = "UnitTests", "..\UnitTests\UnitTests.vcxproj", "{7D807650-6E35-414C-AD02-56F4420657CD}"
EndProject
Global
	GlobalSection(SolutionConfigurationPlatforms) = preSolution
		Debug|x64 = Debug|x64
		Debug|x86 = Debug|x86
		Release|x64 = Release|x64
		Release|x86 = Release|x86
	EndGlobalSection
	GlobalSection(ProjectConfigurationPlatforms) = postSolution
		{913CCF31-A50B-4CF2-B4A0-6A045B8D1374}.Debug|x64.ActiveCfg = Debug|x64
		{913CCF31-A50B-4CF2-B4A0-6A045B8D1374}.Debug|x64.Build.0 = Debug|x64
		{913CCF31-A50B-4CF2-B4A0-6A045B8D1374}.Debug|x86.ActiveCfg = Debug|Win32
		{913CCF31-A50B-4CF2-B4A0-6A045B8D1374}.Debug|x86.Build.0 = Debug|Win32
		{913CCF31-A50B-4CF2-B4A0-6A045B8D1374}.Release|x64.ActiveCfg = Release|x64
		{913CCF31-A50B-4CF2-B4A0-6A045B8D1374}.Release|x64.Build.0 = Release|x64
		{913CCF31-A50B-4CF2-B4A0-6A045B8D1374}.Release|x86.ActiveCfg = Release|Win32
		{913CCF31-A50B-4CF2-B4A0-6A045B8D1374}.Release|x86.Build.0 = Release|Win32
		{7D807650-6E35-414C-AD02-56F4420657CD}.Debug|x64.ActiveCfg = Debug|x64
		{7D807650-6E35-414C-AD02-56F4420657CD}.Debug|x64.Build.0 = Debug|x64
		{7D807650-6E35-414C-AD02-56F4420657CD}.Debug|x86.ActiveCfg = Debug|Win32
		{7D807650-6E35-414C-AD02-56F4420657CD}.Debug|x86.Build.0 = Debug|Win32
		{7D807650-6E35-414C-AD02-56F4420657CD}.Release|x64.ActiveCfg = Release|x64
		{7D807650-6E35-414C-AD02-56F4420657CD}.Release|x64.Build.0 = Release|x64
		{7D807650-6E35-414C-AD02-56F4420657CD}.Release|x86.ActiveCfg = Release|Win32
		{7D807650-6E35-414C-AD02-56F4420657CD}.Release|x86.Build.0 = Release|Win32
	EndGlobalSection
	GlobalSection(SolutionProperties) = preSolution
		HideSolutionNode = FALSE
	EndGlobalSection
	GlobalSection(ExtensibilityGlobals) = postSolution
		SolutionGuid = {12DC61C9-861A-4940-9F97-93DE723E8EDF}
	EndGlobalSection
EndGlobal
